<?xml version="1.0" encoding="UTF-8" standalone="yes" ?>
<CodeBlocks_project_file>
	<FileVersion major="1" minor="6" />
	<Project>
		<Option title="hgehelp" />
		<Option pch_mode="2" />
		<Option compiler="gcc" />
		<Build>
			<Target title="default">
				<Option output="gccRelease/hgehelp" prefix_auto="1" extension_auto="1" />
				<Option working_dir="" />
				<Option object_output="gccRelease" />
				<Option type="2" />
				<Option compiler="gcc" />
				<Option createDefFile="1" />
			</Target>
		</Build>
		<Unit filename="hgedistort.cpp" />
		<Unit filename="hgefont.cpp" />
		<Unit filename="hgegui.cpp" />
		<Unit filename="hgeguictrls.cpp" />
		<Unit filename="hgeparticle.cpp" />
		<Unit filename="hgepmanager.cpp" />
		<Unit filename="hgerect.cpp" />
		<Unit filename="hgeresource.cpp" />
		<Unit filename="hgesprite.cpp" />
		<Unit filename="hgestrings.cpp" />
		<Unit filename="hgevector.cpp" />
		<Unit filename="parser.cpp" />
		<Unit filename="parser.h" />
		<Unit filename="resources.cpp" />
		<Unit filename="resources.h" />
		<Extensions>
			<code_completion />
			<envvars />
			<debugger />
		</Extensions>
	</Project>
</CodeBlocks_project_file>
